<?xml version="1.0" encoding="utf-8"?>
<Project ToolsVersion="4.0" xmlns="http://schemas.microsoft.com/developer/msbuild/2003">
  <ItemGroup>
    <Text Include="..\..\Zelda_Link%27s_Awakening\Tool\ReadMe.txt" />
  </ItemGroup>
  <ItemGroup>
    <Filter Include="00.MainApp">
      <UniqueIdentifier>{31747a63-cea1-4036-a42d-b550582012ac}</UniqueIdentifier>
    </Filter>
    <Filter Include="99.Defines">
      <UniqueIdentifier>{3dd432ef-d130-4256-9cd8-d2a4c6104f33}</UniqueIdentifier>
    </Filter>
    <Filter Include="98.Default">
      <UniqueIdentifier>{b26760a5-d099-49a1-8816-854571353685}</UniqueIdentifier>
    </Filter>
    <Filter Include="97.ImGui">
      <UniqueIdentifier>{e4af7eca-2b53-48ed-825f-c986ea1c6cd6}</UniqueIdentifier>
    </Filter>
    <Filter Include="97.ImGui\Manager">
      <UniqueIdentifier>{f67b9af6-90e3-44aa-9606-b57737738a35}</UniqueIdentifier>
    </Filter>
    <Filter Include="01.GameObjects">
      <UniqueIdentifier>{26658691-e19e-457b-9f73-0cafd0eec035}</UniqueIdentifier>
    </Filter>
    <Filter Include="01.GameObjects\00.Terrain">
      <UniqueIdentifier>{a8ce4463-1cbd-4466-ad1d-1ed92c9649e6}</UniqueIdentifier>
    </Filter>
    <Filter Include="01.GameObjects\01.Camera">
      <UniqueIdentifier>{020bb6ff-45dc-4e43-8085-b233e13bbc74}</UniqueIdentifier>
    </Filter>
    <Filter Include="01.GameObjects\02. Mesh">
      <UniqueIdentifier>{f029c0a8-874f-463a-bd98-8dc212794e06}</UniqueIdentifier>
    </Filter>
  </ItemGroup>
  <ItemGroup>
    <ClInclude Include="..\..\..\Zelda_Link%27s_Awakening\Tool\Default\Resource.h">
      <Filter>98.Default</Filter>
    </ClInclude>
    <ClInclude Include="..\..\..\Zelda_Link%27s_Awakening\Tool\Default\stdafx.h">
      <Filter>98.Default</Filter>
    </ClInclude>
    <ClInclude Include="..\..\..\Zelda_Link%27s_Awakening\Tool\Default\targetver.h">
      <Filter>98.Default</Filter>
    </ClInclude>
    <ClInclude Include="..\..\..\Zelda_Link%27s_Awakening\Tool\Default\Tool.h">
      <Filter>98.Default</Filter>
    </ClInclude>
    <ClInclude Include="..\..\..\Zelda_Link%27s_Awakening\Tool\public\MainTool.h">
      <Filter>00.MainApp</Filter>
    </ClInclude>
    <ClInclude Include="..\..\..\Zelda_Link%27s_Awakening\Tool\Default\Tool_Defines.h">
      <Filter>99.Defines</Filter>
    </ClInclude>
    <ClInclude Include="..\ImGui\imconfig.h">
      <Filter>97.ImGui</Filter>
    </ClInclude>
    <ClInclude Include="..\ImGui\imgui.h">
      <Filter>97.ImGui</Filter>
    </ClInclude>
    <ClInclude Include="..\ImGui\imgui_impl_dx11.h">
      <Filter>97.ImGui</Filter>
    </ClInclude>
    <ClInclude Include="..\ImGui\imgui_impl_win32.h">
      <Filter>97.ImGui</Filter>
    </ClInclude>
    <ClInclude Include="..\ImGui\imgui_internal.h">
      <Filter>97.ImGui</Filter>
    </ClInclude>
    <ClInclude Include="..\ImGui\imstb_rectpack.h">
      <Filter>97.ImGui</Filter>
    </ClInclude>
    <ClInclude Include="..\ImGui\imstb_textedit.h">
      <Filter>97.ImGui</Filter>
    </ClInclude>
    <ClInclude Include="..\ImGui\imstb_truetype.h">
      <Filter>97.ImGui</Filter>
    </ClInclude>
    <ClInclude Include="..\Public\ImGuiManager.h">
      <Filter>97.ImGui\Manager</Filter>
    </ClInclude>
    <ClInclude Include="..\Public\Terrain.h">
      <Filter>01.GameObjects\00.Terrain</Filter>
    </ClInclude>
    <ClInclude Include="..\Public\Camera_Dynamic.h">
      <Filter>01.GameObjects\01.Camera</Filter>
    </ClInclude>
    <ClInclude Include="..\public\Mesh.h">
      <Filter>01.GameObjects\02. Mesh</Filter>
    </ClInclude>
  </ItemGroup>
  <ItemGroup>
    <Image Include="..\..\..\Zelda_Link%27s_Awakening\Tool\Default\small.ico">
      <Filter>98.Default</Filter>
    </Image>
    <Image Include="..\..\..\Zelda_Link%27s_Awakening\Tool\Default\Tool.ico">
      <Filter>98.Default</Filter>
    </Image>
  </ItemGroup>
  <ItemGroup>
    <ClCompile Include="..\..\..\Zelda_Link%27s_Awakening\Tool\Default\stdafx.cpp">
      <Filter>98.Default</Filter>
    </ClCompile>
    <ClCompile Include="..\..\..\Zelda_Link%27s_Awakening\Tool\Default\Tool.cpp">
      <Filter>98.Default</Filter>
    </ClCompile>
    <ClCompile Include="..\..\..\Zelda_Link%27s_Awakening\Tool\Private\MainTool.cpp">
      <Filter>00.MainApp</Filter>
    </ClCompile>
    <ClCompile Include="..\ImGui\imgui.cpp">
      <Filter>97.ImGui</Filter>
    </ClCompile>
    <ClCompile Include="..\ImGui\imgui_demo.cpp">
      <Filter>97.ImGui</Filter>
    </ClCompile>
    <ClCompile Include="..\ImGui\imgui_draw.cpp">
      <Filter>97.ImGui</Filter>
    </ClCompile>
    <ClCompile Include="..\ImGui\imgui_impl_dx11.cpp">
      <Filter>97.ImGui</Filter>
    </ClCompile>
    <ClCompile Include="..\ImGui\imgui_impl_win32.cpp">
      <Filter>97.ImGui</Filter>
    </ClCompile>
    <ClCompile Include="..\ImGui\imgui_tables.cpp">
      <Filter>97.ImGui</Filter>
    </ClCompile>
    <ClCompile Include="..\ImGui\imgui_widgets.cpp">
      <Filter>97.ImGui</Filter>
    </ClCompile>
    <ClCompile Include="..\Private\ImGuiManager.cpp">
      <Filter>97.ImGui\Manager</Filter>
    </ClCompile>
    <ClCompile Include="..\Private\Terrain.cpp">
      <Filter>01.GameObjects\00.Terrain</Filter>
    </ClCompile>
    <ClCompile Include="..\Private\Camera_Dynamic.cpp">
      <Filter>01.GameObjects\01.Camera</Filter>
    </ClCompile>
    <ClCompile Include="..\private\Mesh.cpp">
      <Filter>01.GameObjects\02. Mesh</Filter>
    </ClCompile>
  </ItemGroup>
  <ItemGroup>
    <ResourceCompile Include="..\..\..\Zelda_Link%27s_Awakening\Tool\Default\Tool.rc">
      <Filter>98.Default</Filter>
    </ResourceCompile>
  </ItemGroup>
</Project>