<?xml version="1.0" encoding="utf-8"?>
<Project ToolsVersion="4.0" xmlns="http://schemas.microsoft.com/developer/msbuild/2003">
  <ItemGroup>
    <Filter Include="98.Default">
      <UniqueIdentifier>{b467f3ef-3a4f-4910-9d8b-32984f10175a}</UniqueIdentifier>
    </Filter>
    <Filter Include="00.MainApp">
      <UniqueIdentifier>{26f44b19-48b8-43fc-9375-cdf76bb234ec}</UniqueIdentifier>
    </Filter>
    <Filter Include="99.Defines">
      <UniqueIdentifier>{58c9acbd-476a-4f98-a5ff-d88db36efe19}</UniqueIdentifier>
    </Filter>
    <Filter Include="01.Levels">
      <UniqueIdentifier>{7e1d8f73-4353-4848-a46d-3724efe7e658}</UniqueIdentifier>
    </Filter>
    <Filter Include="02.GameObjects">
      <UniqueIdentifier>{6545733c-14dc-4cec-8e7c-3e5b0ad75c3f}</UniqueIdentifier>
    </Filter>
    <Filter Include="01.Levels\00.Loader">
      <UniqueIdentifier>{d34b4313-2969-4649-ac63-5be3b1783f75}</UniqueIdentifier>
    </Filter>
    <Filter Include="01.Levels\01.Logo">
      <UniqueIdentifier>{5267b1be-398c-4f1f-8043-c7305aa0e1d2}</UniqueIdentifier>
    </Filter>
    <Filter Include="01.Levels\02.GamePlay">
      <UniqueIdentifier>{35c5c360-0a21-4524-b3bd-78fd1a809214}</UniqueIdentifier>
    </Filter>
    <Filter Include="97.ShaderFiles">
      <UniqueIdentifier>{ffd39a2b-4897-4694-bc2f-d9c96bf2d061}</UniqueIdentifier>
    </Filter>
    <Filter Include="02.GameObjects\00.Actor">
      <UniqueIdentifier>{375921b8-a927-4301-9ee5-d990efe6b319}</UniqueIdentifier>
    </Filter>
    <Filter Include="02.GameObjects\01.Camera">
      <UniqueIdentifier>{66e5ba20-3fd3-4da3-862f-f9680f361ed9}</UniqueIdentifier>
    </Filter>
    <Filter Include="02.GameObjects\02.Terrain">
      <UniqueIdentifier>{6cd33bd8-14ca-4499-8f92-7d7ff986c039}</UniqueIdentifier>
    </Filter>
    <Filter Include="02.GameObjects\00.Actor\00.Player">
      <UniqueIdentifier>{0181325b-a04c-4cc9-9444-847068cfc789}</UniqueIdentifier>
    </Filter>
    <Filter Include="02.GameObjects\00.Actor\01.Monster">
      <UniqueIdentifier>{075ef735-275a-40dc-8418-b34603505a1f}</UniqueIdentifier>
    </Filter>
    <Filter Include="02.GameObjects\00.Actor\02.StaticObject">
      <UniqueIdentifier>{d5de4b50-4b93-48e2-bcb8-755b793ba4ac}</UniqueIdentifier>
    </Filter>
    <Filter Include="02.GameObjects\00.Actor\01.Monster\MoriblinSword">
      <UniqueIdentifier>{266eea3a-ef8b-4940-89a3-cb1345919167}</UniqueIdentifier>
    </Filter>
    <Filter Include="02.GameObjects\00.Actor\01.Monster\Bossblin">
      <UniqueIdentifier>{9669f787-9392-4cfd-9fb8-3e60cc22f49e}</UniqueIdentifier>
    </Filter>
    <Filter Include="02.GameObjects\00.Actor\01.Monster\Heiho">
      <UniqueIdentifier>{c271b9b0-95bb-47b0-acc0-5c7340a90ea8}</UniqueIdentifier>
    </Filter>
    <Filter Include="02.GameObjects\00.Actor\01.Monster\Hinox">
      <UniqueIdentifier>{381732b2-b6b0-4ed9-91d1-b007734da74d}</UniqueIdentifier>
    </Filter>
    <Filter Include="02.GameObjects\00.Actor\01.Monster\Keese">
      <UniqueIdentifier>{e7b470e7-4836-4c20-8bef-f0904e573189}</UniqueIdentifier>
    </Filter>
    <Filter Include="02.GameObjects\00.Actor\01.Monster\MoriblinSpear">
      <UniqueIdentifier>{057322a6-7413-438e-8b52-4b7e8415660a}</UniqueIdentifier>
    </Filter>
    <Filter Include="02.GameObjects\00.Actor\01.Monster\Stalfos">
      <UniqueIdentifier>{dfdd52c7-c11e-41e2-8b22-eebec33e414d}</UniqueIdentifier>
    </Filter>
    <Filter Include="02.GameObjects\00.Actor\01.Monster\StalfosKnightSword">
      <UniqueIdentifier>{e671b814-9715-4c0a-a409-b1bf722dd4b2}</UniqueIdentifier>
    </Filter>
    <Filter Include="02.GameObjects\00.Actor\01.Monster\Togezo">
      <UniqueIdentifier>{e2d4cb0d-a9ea-47c1-aa96-5b93366e3e7c}</UniqueIdentifier>
    </Filter>
    <Filter Include="02.GameObjects\00.Actor\00.Player\PlayerState">
      <UniqueIdentifier>{52987783-23c2-4b22-ba6f-ce3c28fcea89}</UniqueIdentifier>
    </Filter>
    <Filter Include="02.GameObjects\00.Actor\00.Player\PlayerState\States">
      <UniqueIdentifier>{d449d63b-f7f3-45d7-b95f-1f3c951644fb}</UniqueIdentifier>
    </Filter>
    <Filter Include="02.GameObjects\00.Actor\01.Monster\MoriblinSword\MoriblinSwordState">
      <UniqueIdentifier>{308609ed-cc43-41f0-97ff-53bb13c1ac5c}</UniqueIdentifier>
    </Filter>
    <Filter Include="02.GameObjects\00.Actor\01.Monster\MoriblinSword\MoriblinSwordState\States">
      <UniqueIdentifier>{b8471a3f-9f27-4c62-b3a5-656471aadc65}</UniqueIdentifier>
    </Filter>
    <Filter Include="02.GameObjects\00.Actor\01.Monster\MoriblinSpear\MoriblinSpearState">
      <UniqueIdentifier>{bbf60f93-e468-4f1a-a7b6-295b380dbb99}</UniqueIdentifier>
    </Filter>
    <Filter Include="02.GameObjects\00.Actor\01.Monster\MoriblinSpear\MoriblinSpearState\States">
      <UniqueIdentifier>{c96f151d-6342-4ad3-ad75-7aa074b4eb40}</UniqueIdentifier>
    </Filter>
  </ItemGroup>
  <ItemGroup>
    <Text Include="ReadMe.txt" />
  </ItemGroup>
  <ItemGroup>
    <ClInclude Include="Client.h">
      <Filter>98.Default</Filter>
    </ClInclude>
    <ClInclude Include="Resource.h">
      <Filter>98.Default</Filter>
    </ClInclude>
    <ClInclude Include="stdafx.h">
      <Filter>98.Default</Filter>
    </ClInclude>
    <ClInclude Include="targetver.h">
      <Filter>98.Default</Filter>
    </ClInclude>
    <ClInclude Include="..\Public\MainApp.h">
      <Filter>00.MainApp</Filter>
    </ClInclude>
    <ClInclude Include="..\Public\Client_Defines.h">
      <Filter>99.Defines</Filter>
    </ClInclude>
    <ClInclude Include="..\Public\Level_GamePlay.h">
      <Filter>01.Levels\02.GamePlay</Filter>
    </ClInclude>
    <ClInclude Include="..\Public\Level_Loading.h">
      <Filter>01.Levels\00.Loader</Filter>
    </ClInclude>
    <ClInclude Include="..\Public\Loader.h">
      <Filter>01.Levels\00.Loader</Filter>
    </ClInclude>
    <ClInclude Include="..\Public\Level_Logo.h">
      <Filter>01.Levels\01.Logo</Filter>
    </ClInclude>
    <ClInclude Include="..\Public\Terrain.h">
      <Filter>02.GameObjects\02.Terrain</Filter>
    </ClInclude>
    <ClInclude Include="..\..\..\Zelda_Link%27s_Awakening\ShaderFiles\Client_Shader_Defines.hpp">
      <Filter>97.ShaderFiles</Filter>
    </ClInclude>
    <ClInclude Include="..\Public\Player.h">
      <Filter>02.GameObjects\00.Actor\00.Player</Filter>
    </ClInclude>
    <ClInclude Include="..\Public\Camera_Dynamic.h">
      <Filter>02.GameObjects\01.Camera</Filter>
    </ClInclude>
    <ClInclude Include="..\public\Monster.h">
      <Filter>02.GameObjects\00.Actor\01.Monster</Filter>
    </ClInclude>
    <ClInclude Include="..\public\StaticObject.h">
      <Filter>02.GameObjects\00.Actor\02.StaticObject</Filter>
    </ClInclude>
    <ClInclude Include="..\public\Actor.h">
      <Filter>02.GameObjects\00.Actor</Filter>
    </ClInclude>
    <ClInclude Include="..\public\MoriblinSword.h">
      <Filter>02.GameObjects\00.Actor\01.Monster\MoriblinSword</Filter>
    </ClInclude>
    <ClInclude Include="..\public\PlayerState.h">
      <Filter>02.GameObjects\00.Actor\00.Player\PlayerState</Filter>
    </ClInclude>
    <ClInclude Include="..\Public\MoriblinSwordState.h">
      <Filter>02.GameObjects\00.Actor\01.Monster\MoriblinSword\MoriblinSwordState</Filter>
    </ClInclude>
    <ClInclude Include="..\Public\PlayerMoveState.h">
      <Filter>02.GameObjects\00.Actor\00.Player\PlayerState\States</Filter>
    </ClInclude>
    <ClInclude Include="..\Public\PlayerIdleState.h">
      <Filter>02.GameObjects\00.Actor\00.Player\PlayerState\States</Filter>
    </ClInclude>
    <ClInclude Include="..\Public\PlayerAttackState.h">
      <Filter>02.GameObjects\00.Actor\00.Player\PlayerState\States</Filter>
    </ClInclude>
    <ClInclude Include="..\public\MoriblinSwordIdleState.h">
      <Filter>02.GameObjects\00.Actor\01.Monster\MoriblinSword\MoriblinSwordState\States</Filter>
    </ClInclude>
    <ClInclude Include="..\public\MoriblinSwordMoveState.h">
      <Filter>02.GameObjects\00.Actor\01.Monster\MoriblinSword\MoriblinSwordState\States</Filter>
    </ClInclude>
    <ClInclude Include="..\public\MoriblinSwordAttackState.h">
      <Filter>02.GameObjects\00.Actor\01.Monster\MoriblinSword\MoriblinSwordState\States</Filter>
    </ClInclude>
    <ClInclude Include="..\public\MoriblinSwordHitState.h">
      <Filter>02.GameObjects\00.Actor\01.Monster\MoriblinSword\MoriblinSwordState\States</Filter>
    </ClInclude>
    <ClInclude Include="..\public\PlayerHitState.h">
      <Filter>02.GameObjects\00.Actor\00.Player\PlayerState\States</Filter>
    </ClInclude>
    <ClInclude Include="..\public\MoriblinSpear.h">
      <Filter>02.GameObjects\00.Actor\01.Monster\MoriblinSpear</Filter>
    </ClInclude>
    <ClInclude Include="..\Public\MoriblinSpearState.h">
      <Filter>02.GameObjects\00.Actor\01.Monster\MoriblinSpear\MoriblinSpearState</Filter>
    </ClInclude>
    <ClInclude Include="..\public\MoriblinSpearIdleState.h">
      <Filter>02.GameObjects\00.Actor\01.Monster\MoriblinSpear\MoriblinSpearState\States</Filter>
    </ClInclude>
    <ClInclude Include="..\public\MoriblinSpearMoveState.h">
      <Filter>02.GameObjects\00.Actor\01.Monster\MoriblinSpear\MoriblinSpearState\States</Filter>
    </ClInclude>
    <ClInclude Include="..\public\MoriblinSpearAttackState.h">
      <Filter>02.GameObjects\00.Actor\01.Monster\MoriblinSpear\MoriblinSpearState\States</Filter>
    </ClInclude>
    <ClInclude Include="..\public\MoriblinSpearHitState.h">
      <Filter>02.GameObjects\00.Actor\01.Monster\MoriblinSpear\MoriblinSpearState\States</Filter>
    </ClInclude>
  </ItemGroup>
  <ItemGroup>
    <ClCompile Include="Client.cpp">
      <Filter>98.Default</Filter>
    </ClCompile>
    <ClCompile Include="stdafx.cpp">
      <Filter>98.Default</Filter>
    </ClCompile>
    <ClCompile Include="..\Private\MainApp.cpp">
      <Filter>00.MainApp</Filter>
    </ClCompile>
    <ClCompile Include="..\Private\Level_GamePlay.cpp">
      <Filter>01.Levels\02.GamePlay</Filter>
    </ClCompile>
    <ClCompile Include="..\Private\Level_Loading.cpp">
      <Filter>01.Levels\00.Loader</Filter>
    </ClCompile>
    <ClCompile Include="..\Private\Loader.cpp">
      <Filter>01.Levels\00.Loader</Filter>
    </ClCompile>
    <ClCompile Include="..\Private\Level_Logo.cpp">
      <Filter>01.Levels\01.Logo</Filter>
    </ClCompile>
    <ClCompile Include="..\Private\Terrain.cpp">
      <Filter>02.GameObjects\02.Terrain</Filter>
    </ClCompile>
    <ClCompile Include="..\Private\Player.cpp">
      <Filter>02.GameObjects\00.Actor\00.Player</Filter>
    </ClCompile>
    <ClCompile Include="..\Private\Camera_Dynamic.cpp">
      <Filter>02.GameObjects\01.Camera</Filter>
    </ClCompile>
    <ClCompile Include="..\private\Monster.cpp">
      <Filter>02.GameObjects\00.Actor\01.Monster</Filter>
    </ClCompile>
    <ClCompile Include="..\private\StaticObject.cpp">
      <Filter>02.GameObjects\00.Actor\02.StaticObject</Filter>
    </ClCompile>
    <ClCompile Include="..\private\Actor.cpp">
      <Filter>02.GameObjects\00.Actor</Filter>
    </ClCompile>
    <ClCompile Include="..\private\MoriblinSword.cpp">
      <Filter>02.GameObjects\00.Actor\01.Monster\MoriblinSword</Filter>
    </ClCompile>
    <ClCompile Include="..\Private\PlayerMoveState.cpp">
      <Filter>02.GameObjects\00.Actor\00.Player\PlayerState\States</Filter>
    </ClCompile>
    <ClCompile Include="..\Private\PlayerIdleState.cpp">
      <Filter>02.GameObjects\00.Actor\00.Player\PlayerState\States</Filter>
    </ClCompile>
    <ClCompile Include="..\Private\PlayerAttackState.cpp">
      <Filter>02.GameObjects\00.Actor\00.Player\PlayerState\States</Filter>
    </ClCompile>
    <ClCompile Include="..\private\MoriblinSwordIdleState.cpp">
      <Filter>02.GameObjects\00.Actor\01.Monster\MoriblinSword\MoriblinSwordState\States</Filter>
    </ClCompile>
    <ClCompile Include="..\private\MoriblinSwordMoveState.cpp">
      <Filter>02.GameObjects\00.Actor\01.Monster\MoriblinSword\MoriblinSwordState\States</Filter>
    </ClCompile>
    <ClCompile Include="..\private\MoriblinSwordAttackState.cpp">
      <Filter>02.GameObjects\00.Actor\01.Monster\MoriblinSword\MoriblinSwordState\States</Filter>
    </ClCompile>
    <ClCompile Include="..\private\MoriblinSwordHitState.cpp">
      <Filter>02.GameObjects\00.Actor\01.Monster\MoriblinSword\MoriblinSwordState\States</Filter>
    </ClCompile>
    <ClCompile Include="..\private\PlayerHitState.cpp">
      <Filter>02.GameObjects\00.Actor\00.Player\PlayerState\States</Filter>
    </ClCompile>
    <ClCompile Include="..\private\MoriblinSpear.cpp">
      <Filter>02.GameObjects\00.Actor\01.Monster\MoriblinSpear</Filter>
    </ClCompile>
    <ClCompile Include="..\private\MoriblinSpearIdleState.cpp">
      <Filter>02.GameObjects\00.Actor\01.Monster\MoriblinSpear\MoriblinSpearState\States</Filter>
    </ClCompile>
    <ClCompile Include="..\private\MoriblinSpearMoveState.cpp">
      <Filter>02.GameObjects\00.Actor\01.Monster\MoriblinSpear\MoriblinSpearState\States</Filter>
    </ClCompile>
    <ClCompile Include="..\private\MoriblinSpearAttackState.cpp">
      <Filter>02.GameObjects\00.Actor\01.Monster\MoriblinSpear\MoriblinSpearState\States</Filter>
    </ClCompile>
    <ClCompile Include="..\private\MoriblinSpearHitState.cpp">
      <Filter>02.GameObjects\00.Actor\01.Monster\MoriblinSpear\MoriblinSpearState\States</Filter>
    </ClCompile>
  </ItemGroup>
  <ItemGroup>
    <Image Include="Client.ico">
      <Filter>98.Default</Filter>
    </Image>
    <Image Include="small.ico">
      <Filter>98.Default</Filter>
    </Image>
  </ItemGroup>
  <ItemGroup>
    <ResourceCompile Include="Client.rc">
      <Filter>98.Default</Filter>
    </ResourceCompile>
  </ItemGroup>
  <ItemGroup>
    <FxCompile Include="..\..\..\Zelda_Link%27s_Awakening\ShaderFiles\Shader_VtxNorTex.hlsl">
      <Filter>97.ShaderFiles</Filter>
    </FxCompile>
    <FxCompile Include="..\..\..\Zelda_Link%27s_Awakening\ShaderFiles\Shader_VtxTex.hlsl">
      <Filter>97.ShaderFiles</Filter>
    </FxCompile>
    <FxCompile Include="..\..\ShaderFiles\Shader_VtxModel.hlsl">
      <Filter>97.ShaderFiles</Filter>
    </FxCompile>
    <FxCompile Include="..\..\ShaderFiles\Shader_VtxAnimModel.hlsl">
      <Filter>97.ShaderFiles</Filter>
    </FxCompile>
  </ItemGroup>
</Project>